// !$*UTF8*$!
{
	archiveVersion = 1;
	classes = {
	};
	objectVersion = 51;
	objects = {

/* Begin PBXBuildFile section */
		550DEEE855524F8C2E39618F /* Pods_Smack.framework in Frameworks */ = {isa = PBXBuildFile; fileRef = 5EEB26D834DC8AB3692D1E0E /* Pods_Smack.framework */; };
		BA1DC4AE2455ACBF0053A5D9 /* AvatarPickerViewController.swift in Sources */ = {isa = PBXBuildFile; fileRef = BA1DC4AD2455ACBF0053A5D9 /* AvatarPickerViewController.swift */; };
		BA1DC4B02455AE9A0053A5D9 /* AvatarCell.swift in Sources */ = {isa = PBXBuildFile; fileRef = BA1DC4AF2455AE9A0053A5D9 /* AvatarCell.swift */; };
		BA1DC4B22455C0120053A5D9 /* CircleImage.swift in Sources */ = {isa = PBXBuildFile; fileRef = BA1DC4B12455C0120053A5D9 /* CircleImage.swift */; };
		BA2633B3243B922F0032D998 /* GradientView.swift in Sources */ = {isa = PBXBuildFile; fileRef = BA2633B2243B922F0032D998 /* GradientView.swift */; };
		BA2633B6243BA6690032D998 /* Constants.swift in Sources */ = {isa = PBXBuildFile; fileRef = BA2633B5243BA6690032D998 /* Constants.swift */; };
		BA2633B8243BAB390032D998 /* LoginVC.swift in Sources */ = {isa = PBXBuildFile; fileRef = BA2633B7243BAB390032D998 /* LoginVC.swift */; };
		BA36F48E2438EDD400F3938F /* SWRevealViewController.m in Sources */ = {isa = PBXBuildFile; fileRef = BA36F48C2438EDD400F3938F /* SWRevealViewController.m */; };
		BA36F4AA2438FD4F00F3938F /* ChatVC.swift in Sources */ = {isa = PBXBuildFile; fileRef = BA36F4A92438FD4F00F3938F /* ChatVC.swift */; };
		BA36F4AC2438FD5D00F3938F /* ChannelVC.swift in Sources */ = {isa = PBXBuildFile; fileRef = BA36F4AB2438FD5D00F3938F /* ChannelVC.swift */; };
		BA39D91B2454593900155DDD /* AuthServices.swift in Sources */ = {isa = PBXBuildFile; fileRef = BA39D91A2454593900155DDD /* AuthServices.swift */; };
		BA39D91D2454726400155DDD /* RoundedButton.swift in Sources */ = {isa = PBXBuildFile; fileRef = BA39D91C2454726400155DDD /* RoundedButton.swift */; };
		BA39D91F24549F7C00155DDD /* UserDataService.swift in Sources */ = {isa = PBXBuildFile; fileRef = BA39D91E24549F7C00155DDD /* UserDataService.swift */; };
		BA51C3F12435F7E800BF2E09 /* AppDelegate.swift in Sources */ = {isa = PBXBuildFile; fileRef = BA51C3F02435F7E800BF2E09 /* AppDelegate.swift */; };
		BA51C3F32435F7E800BF2E09 /* SceneDelegate.swift in Sources */ = {isa = PBXBuildFile; fileRef = BA51C3F22435F7E800BF2E09 /* SceneDelegate.swift */; };
		BA51C3F82435F7E800BF2E09 /* Main.storyboard in Resources */ = {isa = PBXBuildFile; fileRef = BA51C3F62435F7E800BF2E09 /* Main.storyboard */; };
		BA51C3FA2435F7EF00BF2E09 /* Assets.xcassets in Resources */ = {isa = PBXBuildFile; fileRef = BA51C3F92435F7EF00BF2E09 /* Assets.xcassets */; };
		BA51C3FD2435F7EF00BF2E09 /* LaunchScreen.storyboard in Resources */ = {isa = PBXBuildFile; fileRef = BA51C3FB2435F7EF00BF2E09 /* LaunchScreen.storyboard */; };
		BA521943244DBD3300BDBE96 /* CreateAccountVC.swift in Sources */ = {isa = PBXBuildFile; fileRef = BA521942244DBD3300BDBE96 /* CreateAccountVC.swift */; };
/* End PBXBuildFile section */

/* Begin PBXFileReference section */
		5EEB26D834DC8AB3692D1E0E /* Pods_Smack.framework */ = {isa = PBXFileReference; explicitFileType = wrapper.framework; includeInIndex = 0; path = Pods_Smack.framework; sourceTree = BUILT_PRODUCTS_DIR; };
		716E438B59D840251C932BD9 /* Pods-Smack.release.xcconfig */ = {isa = PBXFileReference; includeInIndex = 1; lastKnownFileType = text.xcconfig; name = "Pods-Smack.release.xcconfig"; path = "Target Support Files/Pods-Smack/Pods-Smack.release.xcconfig"; sourceTree = "<group>"; };
		7B0055F936351FFB77E925B3 /* Pods-Smack.debug.xcconfig */ = {isa = PBXFileReference; includeInIndex = 1; lastKnownFileType = text.xcconfig; name = "Pods-Smack.debug.xcconfig"; path = "Target Support Files/Pods-Smack/Pods-Smack.debug.xcconfig"; sourceTree = "<group>"; };
		BA1DC4AD2455ACBF0053A5D9 /* AvatarPickerViewController.swift */ = {isa = PBXFileReference; lastKnownFileType = sourcecode.swift; path = AvatarPickerViewController.swift; sourceTree = "<group>"; };
		BA1DC4AF2455AE9A0053A5D9 /* AvatarCell.swift */ = {isa = PBXFileReference; lastKnownFileType = sourcecode.swift; path = AvatarCell.swift; sourceTree = "<group>"; };
		BA1DC4B12455C0120053A5D9 /* CircleImage.swift */ = {isa = PBXFileReference; lastKnownFileType = sourcecode.swift; path = CircleImage.swift; sourceTree = "<group>"; };
		BA2633B2243B922F0032D998 /* GradientView.swift */ = {isa = PBXFileReference; lastKnownFileType = sourcecode.swift; path = GradientView.swift; sourceTree = "<group>"; };
		BA2633B5243BA6690032D998 /* Constants.swift */ = {isa = PBXFileReference; lastKnownFileType = sourcecode.swift; path = Constants.swift; sourceTree = "<group>"; };
		BA2633B7243BAB390032D998 /* LoginVC.swift */ = {isa = PBXFileReference; lastKnownFileType = sourcecode.swift; path = LoginVC.swift; sourceTree = "<group>"; };
		BA36F48B2438EDD300F3938F /* Smack-Bridging-Header.h */ = {isa = PBXFileReference; lastKnownFileType = sourcecode.c.h; path = "Smack-Bridging-Header.h"; sourceTree = "<group>"; };
		BA36F48C2438EDD400F3938F /* SWRevealViewController.m */ = {isa = PBXFileReference; fileEncoding = 4; lastKnownFileType = sourcecode.c.objc; path = SWRevealViewController.m; sourceTree = "<group>"; };
		BA36F48D2438EDD400F3938F /* SWRevealViewController.h */ = {isa = PBXFileReference; fileEncoding = 4; lastKnownFileType = sourcecode.c.h; path = SWRevealViewController.h; sourceTree = "<group>"; };
		BA36F4A92438FD4F00F3938F /* ChatVC.swift */ = {isa = PBXFileReference; lastKnownFileType = sourcecode.swift; path = ChatVC.swift; sourceTree = "<group>"; };
		BA36F4AB2438FD5D00F3938F /* ChannelVC.swift */ = {isa = PBXFileReference; lastKnownFileType = sourcecode.swift; path = ChannelVC.swift; sourceTree = "<group>"; };
		BA39D91A2454593900155DDD /* AuthServices.swift */ = {isa = PBXFileReference; lastKnownFileType = sourcecode.swift; path = AuthServices.swift; sourceTree = "<group>"; };
		BA39D91C2454726400155DDD /* RoundedButton.swift */ = {isa = PBXFileReference; lastKnownFileType = sourcecode.swift; path = RoundedButton.swift; sourceTree = "<group>"; };
		BA39D91E24549F7C00155DDD /* UserDataService.swift */ = {isa = PBXFileReference; lastKnownFileType = sourcecode.swift; path = UserDataService.swift; sourceTree = "<group>"; };
		BA51C3ED2435F7E800BF2E09 /* Smack.app */ = {isa = PBXFileReference; explicitFileType = wrapper.application; includeInIndex = 0; path = Smack.app; sourceTree = BUILT_PRODUCTS_DIR; };
		BA51C3F02435F7E800BF2E09 /* AppDelegate.swift */ = {isa = PBXFileReference; lastKnownFileType = sourcecode.swift; path = AppDelegate.swift; sourceTree = "<group>"; };
		BA51C3F22435F7E800BF2E09 /* SceneDelegate.swift */ = {isa = PBXFileReference; lastKnownFileType = sourcecode.swift; path = SceneDelegate.swift; sourceTree = "<group>"; };
		BA51C3F72435F7E800BF2E09 /* Base */ = {isa = PBXFileReference; lastKnownFileType = file.storyboard; name = Base; path = Base.lproj/Main.storyboard; sourceTree = "<group>"; };
		BA51C3F92435F7EF00BF2E09 /* Assets.xcassets */ = {isa = PBXFileReference; lastKnownFileType = folder.assetcatalog; path = Assets.xcassets; sourceTree = "<group>"; };
		BA51C3FC2435F7EF00BF2E09 /* Base */ = {isa = PBXFileReference; lastKnownFileType = file.storyboard; name = Base; path = Base.lproj/LaunchScreen.storyboard; sourceTree = "<group>"; };
		BA51C3FE2435F7EF00BF2E09 /* Info.plist */ = {isa = PBXFileReference; lastKnownFileType = text.plist.xml; path = Info.plist; sourceTree = "<group>"; };
		BA521942244DBD3300BDBE96 /* CreateAccountVC.swift */ = {isa = PBXFileReference; lastKnownFileType = sourcecode.swift; path = CreateAccountVC.swift; sourceTree = "<group>"; };
/* End PBXFileReference section */

/* Begin PBXFrameworksBuildPhase section */
		BA51C3EA2435F7E800BF2E09 /* Frameworks */ = {
			isa = PBXFrameworksBuildPhase;
			buildActionMask = 2147483647;
			files = (
				550DEEE855524F8C2E39618F /* Pods_Smack.framework in Frameworks */,
			);
			runOnlyForDeploymentPostprocessing = 0;
		};
/* End PBXFrameworksBuildPhase section */

/* Begin PBXGroup section */
		097208F784211117101D33F6 /* Frameworks */ = {
			isa = PBXGroup;
			children = (
				5EEB26D834DC8AB3692D1E0E /* Pods_Smack.framework */,
			);
			name = Frameworks;
			sourceTree = "<group>";
		};
		16957F7518B988B666F9AE0E /* Pods */ = {
			isa = PBXGroup;
			children = (
				7B0055F936351FFB77E925B3 /* Pods-Smack.debug.xcconfig */,
				716E438B59D840251C932BD9 /* Pods-Smack.release.xcconfig */,
			);
			path = Pods;
			sourceTree = "<group>";
		};
		BA2633B4243BA64F0032D998 /* Utilities */ = {
			isa = PBXGroup;
			children = (
				BA2633B5243BA6690032D998 /* Constants.swift */,
			);
			path = Utilities;
			sourceTree = "<group>";
		};
		BA36F48A2438EDA300F3938F /* Supporting Files */ = {
			isa = PBXGroup;
			children = (
				BA36F48D2438EDD400F3938F /* SWRevealViewController.h */,
				BA36F48C2438EDD400F3938F /* SWRevealViewController.m */,
				BA36F48B2438EDD300F3938F /* Smack-Bridging-Header.h */,
			);
			path = "Supporting Files";
			sourceTree = "<group>";
		};
		BA36F4A52438FD1400F3938F /* Controller */ = {
			isa = PBXGroup;
			children = (
				BA36F4A92438FD4F00F3938F /* ChatVC.swift */,
				BA36F4AB2438FD5D00F3938F /* ChannelVC.swift */,
				BA2633B7243BAB390032D998 /* LoginVC.swift */,
			);
			path = Controller;
			sourceTree = "<group>";
		};
		BA36F4A62438FD1E00F3938F /* View */ = {
			isa = PBXGroup;
			children = (
				BA2633B2243B922F0032D998 /* GradientView.swift */,
				BA521942244DBD3300BDBE96 /* CreateAccountVC.swift */,
				BA39D91C2454726400155DDD /* RoundedButton.swift */,
				BA1DC4AD2455ACBF0053A5D9 /* AvatarPickerViewController.swift */,
				BA1DC4AF2455AE9A0053A5D9 /* AvatarCell.swift */,
				BA1DC4B12455C0120053A5D9 /* CircleImage.swift */,
			);
			path = View;
			sourceTree = "<group>";
		};
		BA36F4A82438FD2E00F3938F /* Model */ = {
			isa = PBXGroup;
			children = (
			);
			path = Model;
			sourceTree = "<group>";
		};
		BA39D9192454591C00155DDD /* Services */ = {
			isa = PBXGroup;
			children = (
				BA39D91A2454593900155DDD /* AuthServices.swift */,
				BA39D91E24549F7C00155DDD /* UserDataService.swift */,
			);
			path = Services;
			sourceTree = "<group>";
		};
		BA51C3E42435F7E700BF2E09 = {
			isa = PBXGroup;
			children = (
				BA36F48A2438EDA300F3938F /* Supporting Files */,
				BA51C3EF2435F7E800BF2E09 /* Smack */,
				BA51C3EE2435F7E800BF2E09 /* Products */,
				16957F7518B988B666F9AE0E /* Pods */,
				097208F784211117101D33F6 /* Frameworks */,
			);
			sourceTree = "<group>";
		};
		BA51C3EE2435F7E800BF2E09 /* Products */ = {
			isa = PBXGroup;
			children = (
				BA51C3ED2435F7E800BF2E09 /* Smack.app */,
			);
			name = Products;
			sourceTree = "<group>";
		};
		BA51C3EF2435F7E800BF2E09 /* Smack */ = {
			isa = PBXGroup;
			children = (
				BA39D9192454591C00155DDD /* Services */,
				BA2633B4243BA64F0032D998 /* Utilities */,
				BA36F4A82438FD2E00F3938F /* Model */,
				BA36F4A62438FD1E00F3938F /* View */,
				BA36F4A52438FD1400F3938F /* Controller */,
				BA51C3F02435F7E800BF2E09 /* AppDelegate.swift */,
				BA51C3F22435F7E800BF2E09 /* SceneDelegate.swift */,
				BA51C3F62435F7E800BF2E09 /* Main.storyboard */,
				BA51C3F92435F7EF00BF2E09 /* Assets.xcassets */,
				BA51C3FB2435F7EF00BF2E09 /* LaunchScreen.storyboard */,
				BA51C3FE2435F7EF00BF2E09 /* Info.plist */,
			);
			path = Smack;
			sourceTree = "<group>";
		};
/* End PBXGroup section */

/* Begin PBXNativeTarget section */
		BA51C3EC2435F7E800BF2E09 /* Smack */ = {
			isa = PBXNativeTarget;
			buildConfigurationList = BA51C4012435F7EF00BF2E09 /* Build configuration list for PBXNativeTarget "Smack" */;
			buildPhases = (
				F67250817EAB2CEC040712DA /* [CP] Check Pods Manifest.lock */,
				BA51C3E92435F7E800BF2E09 /* Sources */,
				BA51C3EA2435F7E800BF2E09 /* Frameworks */,
				BA51C3EB2435F7E800BF2E09 /* Resources */,
				411FF6E53DC7FA09C374A46B /* [CP] Embed Pods Frameworks */,
			);
			buildRules = (
			);
			dependencies = (
			);
			name = Smack;
			productName = Smack;
			productReference = BA51C3ED2435F7E800BF2E09 /* Smack.app */;
			productType = "com.apple.product-type.application";
		};
/* End PBXNativeTarget section */

/* Begin PBXProject section */
		BA51C3E52435F7E700BF2E09 /* Project object */ = {
			isa = PBXProject;
			attributes = {
				LastSwiftUpdateCheck = 1140;
				LastUpgradeCheck = 1140;
				ORGANIZATIONNAME = "Ivan Stanimirovic";
				TargetAttributes = {
					BA51C3EC2435F7E800BF2E09 = {
						CreatedOnToolsVersion = 11.4;
						LastSwiftMigration = 1140;
					};
				};
			};
			buildConfigurationList = BA51C3E82435F7E700BF2E09 /* Build configuration list for PBXProject "Smack" */;
			compatibilityVersion = "Xcode 9.3";
			developmentRegion = en;
			hasScannedForEncodings = 0;
			knownRegions = (
				en,
				Base,
			);
			mainGroup = BA51C3E42435F7E700BF2E09;
			productRefGroup = BA51C3EE2435F7E800BF2E09 /* Products */;
			projectDirPath = "";
			projectRoot = "";
			targets = (
				BA51C3EC2435F7E800BF2E09 /* Smack */,
			);
		};
/* End PBXProject section */

/* Begin PBXResourcesBuildPhase section */
		BA51C3EB2435F7E800BF2E09 /* Resources */ = {
			isa = PBXResourcesBuildPhase;
			buildActionMask = 2147483647;
			files = (
				BA51C3FD2435F7EF00BF2E09 /* LaunchScreen.storyboard in Resources */,
				BA51C3FA2435F7EF00BF2E09 /* Assets.xcassets in Resources */,
				BA51C3F82435F7E800BF2E09 /* Main.storyboard in Resources */,
			);
			runOnlyForDeploymentPostprocessing = 0;
		};
/* End PBXResourcesBuildPhase section */

/* Begin PBXShellScriptBuildPhase section */
		411FF6E53DC7FA09C374A46B /* [CP] Embed Pods Frameworks */ = {
			isa = PBXShellScriptBuildPhase;
			buildActionMask = 2147483647;
			files = (
			);
			inputFileListPaths = (
				"${PODS_ROOT}/Target Support Files/Pods-Smack/Pods-Smack-frameworks-${CONFIGURATION}-input-files.xcfilelist",
			);
			name = "[CP] Embed Pods Frameworks";
			outputFileListPaths = (
				"${PODS_ROOT}/Target Support Files/Pods-Smack/Pods-Smack-frameworks-${CONFIGURATION}-output-files.xcfilelist",
			);
			runOnlyForDeploymentPostprocessing = 0;
			shellPath = /bin/sh;
			shellScript = "\"${PODS_ROOT}/Target Support Files/Pods-Smack/Pods-Smack-frameworks.sh\"\n";
			showEnvVarsInLog = 0;
		};
		F67250817EAB2CEC040712DA /* [CP] Check Pods Manifest.lock */ = {
			isa = PBXShellScriptBuildPhase;
			buildActionMask = 2147483647;
			files = (
			);
			inputFileListPaths = (
			);
			inputPaths = (
				"${PODS_PODFILE_DIR_PATH}/Podfile.lock",
				"${PODS_ROOT}/Manifest.lock",
			);
			name = "[CP] Check Pods Manifest.lock";
			outputFileListPaths = (
			);
			outputPaths = (
				"$(DERIVED_FILE_DIR)/Pods-Smack-checkManifestLockResult.txt",
			);
			runOnlyForDeploymentPostprocessing = 0;
			shellPath = /bin/sh;
			shellScript = "diff \"${PODS_PODFILE_DIR_PATH}/Podfile.lock\" \"${PODS_ROOT}/Manifest.lock\" > /dev/null\nif [ $? != 0 ] ; then\n    # print error to STDERR\n    echo \"error: The sandbox is not in sync with the Podfile.lock. Run 'pod install' or update your CocoaPods installation.\" >&2\n    exit 1\nfi\n# This output is used by Xcode 'outputs' to avoid re-running this script phase.\necho \"SUCCESS\" > \"${SCRIPT_OUTPUT_FILE_0}\"\n";
			showEnvVarsInLog = 0;
		};
/* End PBXShellScriptBuildPhase section */

/* Begin PBXSourcesBuildPhase section */
		BA51C3E92435F7E800BF2E09 /* Sources */ = {
			isa = PBXSourcesBuildPhase;
			buildActionMask = 2147483647;
			files = (
				BA36F4AA2438FD4F00F3938F /* ChatVC.swift in Sources */,
				BA51C3F12435F7E800BF2E09 /* AppDelegate.swift in Sources */,
				BA1DC4B02455AE9A0053A5D9 /* AvatarCell.swift in Sources */,
				BA2633B8243BAB390032D998 /* LoginVC.swift in Sources */,
				BA2633B3243B922F0032D998 /* GradientView.swift in Sources */,
				BA51C3F32435F7E800BF2E09 /* SceneDelegate.swift in Sources */,
				BA39D91B2454593900155DDD /* AuthServices.swift in Sources */,
				BA39D91F24549F7C00155DDD /* UserDataService.swift in Sources */,
				BA39D91D2454726400155DDD /* RoundedButton.swift in Sources */,
				BA521943244DBD3300BDBE96 /* CreateAccountVC.swift in Sources */,
				BA2633B6243BA6690032D998 /* Constants.swift in Sources */,
				BA36F48E2438EDD400F3938F /* SWRevealViewController.m in Sources */,
				BA1DC4AE2455ACBF0053A5D9 /* AvatarPickerViewController.swift in Sources */,
				BA36F4AC2438FD5D00F3938F /* ChannelVC.swift in Sources */,
				BA1DC4B22455C0120053A5D9 /* CircleImage.swift in Sources */,
			);
			runOnlyForDeploymentPostprocessing = 0;
		};
/* End PBXSourcesBuildPhase section */

/* Begin PBXVariantGroup section */
		BA51C3F62435F7E800BF2E09 /* Main.storyboard */ = {
			isa = PBXVariantGroup;
			children = (
				BA51C3F72435F7E800BF2E09 /* Base */,
			);
			name = Main.storyboard;
			sourceTree = "<group>";
		};
		BA51C3FB2435F7EF00BF2E09 /* LaunchScreen.storyboard */ = {
			isa = PBXVariantGroup;
			children = (
				BA51C3FC2435F7EF00BF2E09 /* Base */,
			);
			name = LaunchScreen.storyboard;
			sourceTree = "<group>";
		};
/* End PBXVariantGroup section */

/* Begin XCBuildConfiguration section */
		BA51C3FF2435F7EF00BF2E09 /* Debug */ = {
			isa = XCBuildConfiguration;
			buildSettings = {
				ALWAYS_SEARCH_USER_PATHS = NO;
				CLANG_ANALYZER_NONNULL = YES;
				CLANG_ANALYZER_NUMBER_OBJECT_CONVERSION = YES_AGGRESSIVE;
				CLANG_CXX_LANGUAGE_STANDARD = "gnu++14";
				CLANG_CXX_LIBRARY = "libc++";
				CLANG_ENABLE_MODULES = YES;
				CLANG_ENABLE_OBJC_ARC = YES;
				CLANG_ENABLE_OBJC_WEAK = YES;
				CLANG_WARN_BLOCK_CAPTURE_AUTORELEASING = YES;
				CLANG_WARN_BOOL_CONVERSION = YES;
				CLANG_WARN_COMMA = YES;
				CLANG_WARN_CONSTANT_CONVERSION = YES;
				CLANG_WARN_DEPRECATED_OBJC_IMPLEMENTATIONS = YES;
				CLANG_WARN_DIRECT_OBJC_ISA_USAGE = YES_ERROR;
				CLANG_WARN_DOCUMENTATION_COMMENTS = YES;
				CLANG_WARN_EMPTY_BODY = YES;
				CLANG_WARN_ENUM_CONVERSION = YES;
				CLANG_WARN_INFINITE_RECURSION = YES;
				CLANG_WARN_INT_CONVERSION = YES;
				CLANG_WARN_NON_LITERAL_NULL_CONVERSION = YES;
				CLANG_WARN_OBJC_IMPLICIT_RETAIN_SELF = YES;
				CLANG_WARN_OBJC_LITERAL_CONVERSION = YES;
				CLANG_WARN_OBJC_ROOT_CLASS = YES_ERROR;
				CLANG_WARN_RANGE_LOOP_ANALYSIS = YES;
				CLANG_WARN_STRICT_PROTOTYPES = YES;
				CLANG_WARN_SUSPICIOUS_MOVE = YES;
				CLANG_WARN_UNGUARDED_AVAILABILITY = YES_AGGRESSIVE;
				CLANG_WARN_UNREACHABLE_CODE = YES;
				CLANG_WARN__DUPLICATE_METHOD_MATCH = YES;
				COPY_PHASE_STRIP = NO;
				DEBUG_INFORMATION_FORMAT = dwarf;
				ENABLE_STRICT_OBJC_MSGSEND = YES;
				ENABLE_TESTABILITY = YES;
				GCC_C_LANGUAGE_STANDARD = gnu11;
				GCC_DYNAMIC_NO_PIC = NO;
				GCC_NO_COMMON_BLOCKS = YES;
				GCC_OPTIMIZATION_LEVEL = 0;
				GCC_PREPROCESSOR_DEFINITIONS = (
					"DEBUG=1",
					"$(inherited)",
				);
				GCC_WARN_64_TO_32_BIT_CONVERSION = YES;
				GCC_WARN_ABOUT_RETURN_TYPE = YES_ERROR;
				GCC_WARN_UNDECLARED_SELECTOR = YES;
				GCC_WARN_UNINITIALIZED_AUTOS = YES_AGGRESSIVE;
				GCC_WARN_UNUSED_FUNCTION = YES;
				GCC_WARN_UNUSED_VARIABLE = YES;
				IPHONEOS_DEPLOYMENT_TARGET = 13.4;
				MTL_ENABLE_DEBUG_INFO = INCLUDE_SOURCE;
				MTL_FAST_MATH = YES;
				ONLY_ACTIVE_ARCH = YES;
				SDKROOT = iphoneos;
				SWIFT_ACTIVE_COMPILATION_CONDITIONS = DEBUG;
				SWIFT_OPTIMIZATION_LEVEL = "-Onone";
			};
			name = Debug;
		};
		BA51C4002435F7EF00BF2E09 /* Release */ = {
			isa = XCBuildConfiguration;
			buildSettings = {
				ALWAYS_SEARCH_USER_PATHS = NO;
				CLANG_ANALYZER_NONNULL = YES;
				CLANG_ANALYZER_NUMBER_OBJECT_CONVERSION = YES_AGGRESSIVE;
				CLANG_CXX_LANGUAGE_STANDARD = "gnu++14";
				CLANG_CXX_LIBRARY = "libc++";
				CLANG_ENABLE_MODULES = YES;
				CLANG_ENABLE_OBJC_ARC = YES;
				CLANG_ENABLE_OBJC_WEAK = YES;
				CLANG_WARN_BLOCK_CAPTURE_AUTORELEASING = YES;
				CLANG_WARN_BOOL_CONVERSION = YES;
				CLANG_WARN_COMMA = YES;
				CLANG_WARN_CONSTANT_CONVERSION = YES;
				CLANG_WARN_DEPRECATED_OBJC_IMPLEMENTATIONS = YES;
				CLANG_WARN_DIRECT_OBJC_ISA_USAGE = YES_ERROR;
				CLANG_WARN_DOCUMENTATION_COMMENTS = YES;
				CLANG_WARN_EMPTY_BODY = YES;
				CLANG_WARN_ENUM_CONVERSION = YES;
				CLANG_WARN_INFINITE_RECURSION = YES;
				CLANG_WARN_INT_CONVERSION = YES;
				CLANG_WARN_NON_LITERAL_NULL_CONVERSION = YES;
				CLANG_WARN_OBJC_IMPLICIT_RETAIN_SELF = YES;
				CLANG_WARN_OBJC_LITERAL_CONVERSION = YES;
				CLANG_WARN_OBJC_ROOT_CLASS = YES_ERROR;
				CLANG_WARN_RANGE_LOOP_ANALYSIS = YES;
				CLANG_WARN_STRICT_PROTOTYPES = YES;
				CLANG_WARN_SUSPICIOUS_MOVE = YES;
				CLANG_WARN_UNGUARDED_AVAILABILITY = YES_AGGRESSIVE;
				CLANG_WARN_UNREACHABLE_CODE = YES;
				CLANG_WARN__DUPLICATE_METHOD_MATCH = YES;
				COPY_PHASE_STRIP = NO;
				DEBUG_INFORMATION_FORMAT = "dwarf-with-dsym";
				ENABLE_NS_ASSERTIONS = NO;
				ENABLE_STRICT_OBJC_MSGSEND = YES;
				GCC_C_LANGUAGE_STANDARD = gnu11;
				GCC_NO_COMMON_BLOCKS = YES;
				GCC_WARN_64_TO_32_BIT_CONVERSION = YES;
				GCC_WARN_ABOUT_RETURN_TYPE = YES_ERROR;
				GCC_WARN_UNDECLARED_SELECTOR = YES;
				GCC_WARN_UNINITIALIZED_AUTOS = YES_AGGRESSIVE;
				GCC_WARN_UNUSED_FUNCTION = YES;
				GCC_WARN_UNUSED_VARIABLE = YES;
				IPHONEOS_DEPLOYMENT_TARGET = 13.4;
				MTL_ENABLE_DEBUG_INFO = NO;
				MTL_FAST_MATH = YES;
				SDKROOT = iphoneos;
				SWIFT_COMPILATION_MODE = wholemodule;
				SWIFT_OPTIMIZATION_LEVEL = "-O";
				VALIDATE_PRODUCT = YES;
			};
			name = Release;
		};
		BA51C4022435F7EF00BF2E09 /* Debug */ = {
			isa = XCBuildConfiguration;
			baseConfigurationReference = 7B0055F936351FFB77E925B3 /* Pods-Smack.debug.xcconfig */;
			buildSettings = {
				ASSETCATALOG_COMPILER_APPICON_NAME = AppIcon;
				CLANG_ENABLE_MODULES = YES;
				CODE_SIGN_STYLE = Automatic;
				DEVELOPMENT_TEAM = F9YJXTLSN6;
				INFOPLIST_FILE = Smack/Info.plist;
				LD_RUNPATH_SEARCH_PATHS = (
					"$(inherited)",
					"@executable_path/Frameworks",
				);
				PRODUCT_BUNDLE_IDENTIFIER = com.proba.Ivan.Smack;
				PRODUCT_NAME = "$(TARGET_NAME)";
				SWIFT_OBJC_BRIDGING_HEADER = "Supporting Files/Smack-Bridging-Header.h";
				SWIFT_OPTIMIZATION_LEVEL = "-Onone";
				SWIFT_VERSION = 5.0;
				TARGETED_DEVICE_FAMILY = "1,2";
			};
			name = Debug;
		};
		BA51C4032435F7EF00BF2E09 /* Release */ = {
			isa = XCBuildConfiguration;
			baseConfigurationReference = 716E438B59D840251C932BD9 /* Pods-Smack.release.xcconfig */;
			buildSettings = {
				ASSETCATALOG_COMPILER_APPICON_NAME = AppIcon;
				CLANG_ENABLE_MODULES = YES;
				CODE_SIGN_STYLE = Automatic;
				DEVELOPMENT_TEAM = F9YJXTLSN6;
				INFOPLIST_FILE = Smack/Info.plist;
				LD_RUNPATH_SEARCH_PATHS = (
					"$(inherited)",
					"@executable_path/Frameworks",
				);
				PRODUCT_BUNDLE_IDENTIFIER = com.proba.Ivan.Smack;
				PRODUCT_NAME = "$(TARGET_NAME)";
				SWIFT_OBJC_BRIDGING_HEADER = "Supporting Files/Smack-Bridging-Header.h";
				SWIFT_VERSION = 5.0;
				TARGETED_DEVICE_FAMILY = "1,2";
			};
			name = Release;
		};
/* End XCBuildConfiguration section */

/* Begin XCConfigurationList section */
		BA51C3E82435F7E700BF2E09 /* Build configuration list for PBXProject "Smack" */ = {
			isa = XCConfigurationList;
			buildConfigurations = (
				BA51C3FF2435F7EF00BF2E09 /* Debug */,
				BA51C4002435F7EF00BF2E09 /* Release */,
			);
			defaultConfigurationIsVisible = 0;
			defaultConfigurationName = Release;
		};
		BA51C4012435F7EF00BF2E09 /* Build configuration list for PBXNativeTarget "Smack" */ = {
			isa = XCConfigurationList;
			buildConfigurations = (
				BA51C4022435F7EF00BF2E09 /* Debug */,
				BA51C4032435F7EF00BF2E09 /* Release */,
			);
			defaultConfigurationIsVisible = 0;
			defaultConfigurationName = Release;
		};
/* End XCConfigurationList section */
	};
	rootObject = BA51C3E52435F7E700BF2E09 /* Project object */;
}
